{
  "pins" : [
    {
      "identity" : "storespaymentssdk-ios",
      "kind" : "remoteSourceControl",
      "location" : "git@github.com:Coiney-SDK/STORESPaymentsSDK-iOS.git",
      "state" : {
        "revision" : "e6784b9d3dca61140ee9ecbb2bbdbd0c29ee8c0d",
        "version" : "1.1.4"
      }
    },
    {
      "identity" : "swift-atomics",
      "kind" : "remoteSourceControl",
      "location" : "https://github.com/apple/swift-atomics.git",
      "state" : {
        "revision" : "6c89474e62719ddcc1e9614989fff2f68208fe10",
        "version" : "1.1.0"
      }
    },
    {
      "identity" : "swift-collections",
      "kind" : "remoteSourceControl",
      "location" : "https://github.com/apple/swift-collections.git",
      "state" : {
        "revision" : "937e904258d22af6e447a0b72c0bc67583ef64a2",
        "version" : "1.0.4"
      }
    },
    {
      "identity" : "swift-log",
      "kind" : "remoteSourceControl",
      "location" : "https://github.com/apple/swift-log.git",
      "state" : {
        "revision" : "32e8d724467f8fe623624570367e3d50c5638e46",
        "version" : "1.5.2"
      }
    },
    {
      "identity" : "swift-nio",
      "kind" : "remoteSourceControl",
      "location" : "https://github.com/apple/swift-nio.git",
      "state" : {
        "revision" : "3db5c4aeee8100d2db6f1eaf3864afdad5dc68fd",
        "version" : "2.59.0"
      }
    },
    {
      "identity" : "swift-nio-transport-services",
      "kind" : "remoteSourceControl",
      "location" : "https://github.com/apple/swift-nio-transport-services.git",
      "state" : {
        "revision" : "e7403c35ca6bb539a7ca353b91cc2d8ec0362d58",
        "version" : "1.19.0"
      }
    },
    {
      "identity" : "xmlcoder",
      "kind" : "remoteSourceControl",
      "location" : "git@github.com:CoreOffice/XMLCoder.git",
      "state" : {
        "revision" : "666227de3b4cf4adcce7c70b8b89f98c7df02754",
        "version" : "0.16.0"
      }
    }
  ],
  "version" : 2
}
